
Microsoft Visual Studio Solution File, Format Version 12.00
# Visual Studio Version 17
VisualStudioVersion = 17.7.34018.315
MinimumVisualStudioVersion = 10.0.40219.1
Project("{FAE04EC0-301F-11D3-BF4B-00C04F79EFBC}") = "KafkaRepublish_Utility", "KafkaRepublish_Utility\KafkaRepublish_Utility.csproj", "{4CF9591D-1F59-4B7B-8F00-C45C3B0EE1FF}"
EndProject
Global
	GlobalSection(SolutionConfigurationPlatforms) = preSolution
		Coverage|Any CPU = Coverage|Any CPU
		DEBUG_GAC|Any CPU = DEBUG_GAC|Any CPU
		DEBUG_UNGAC|Any CPU = DEBUG_UNGAC|Any CPU
		Debug|Any CPU = Debug|Any CPU
		Release|Any CPU = Release|Any CPU
		UnitTest|Any CPU = UnitTest|Any CPU
	EndGlobalSection
	GlobalSection(ProjectConfigurationPlatforms) = postSolution
		{4CF9591D-1F59-4B7B-8F00-C45C3B0EE1FF}.Coverage|Any CPU.ActiveCfg = Release|Any CPU
		{4CF9591D-1F59-4B7B-8F00-C45C3B0EE1FF}.Coverage|Any CPU.Build.0 = Release|Any CPU
		{4CF9591D-1F59-4B7B-8F00-C45C3B0EE1FF}.DEBUG_GAC|Any CPU.ActiveCfg = Debug|Any CPU
		{4CF9591D-1F59-4B7B-8F00-C45C3B0EE1FF}.DEBUG_GAC|Any CPU.Build.0 = Debug|Any CPU
		{4CF9591D-1F59-4B7B-8F00-C45C3B0EE1FF}.DEBUG_UNGAC|Any CPU.ActiveCfg = Debug|Any CPU
		{4CF9591D-1F59-4B7B-8F00-C45C3B0EE1FF}.DEBUG_UNGAC|Any CPU.Build.0 = Debug|Any CPU
		{4CF9591D-1F59-4B7B-8F00-C45C3B0EE1FF}.Debug|Any CPU.ActiveCfg = Debug|Any CPU
		{4CF9591D-1F59-4B7B-8F00-C45C3B0EE1FF}.Debug|Any CPU.Build.0 = Debug|Any CPU
		{4CF9591D-1F59-4B7B-8F00-C45C3B0EE1FF}.Release|Any CPU.ActiveCfg = Release|Any CPU
		{4CF9591D-1F59-4B7B-8F00-C45C3B0EE1FF}.Release|Any CPU.Build.0 = Release|Any CPU
		{4CF9591D-1F59-4B7B-8F00-C45C3B0EE1FF}.UnitTest|Any CPU.ActiveCfg = Release|Any CPU
		{4CF9591D-1F59-4B7B-8F00-C45C3B0EE1FF}.UnitTest|Any CPU.Build.0 = Release|Any CPU
	EndGlobalSection
	GlobalSection(SolutionProperties) = preSolution
		HideSolutionNode = FALSE
	EndGlobalSection
	GlobalSection(ExtensibilityGlobals) = postSolution
		SolutionGuid = {37232CC5-8A52-4C88-9110-3B14545167C7}
	EndGlobalSection
EndGlobal
